
Microsoft Visual Studio Solution File, Format Version 10.00
# Visual Studio 2008
Project("{FAE04EC0-301F-11D3-BF4B-00C04F79EFBC}") = "MyDLP.EndPoint.Service", "Service\MyDLP.EndPoint.Service.csproj", "{90AD317F-4749-4543-A89E-1D8C0F8AAD42}"
	ProjectSection(ProjectDependencies) = postProject
		{1B81B50A-3BBB-4E12-8E94-76CC98E6E5D9} = {1B81B50A-3BBB-4E12-8E94-76CC98E6E5D9}
		{DD6E8D33-6BF2-438F-884E-FDB92B71D1A4} = {DD6E8D33-6BF2-438F-884E-FDB92B71D1A4}
		{90DE2F81-D9D4-4B91-B790-A7EB249A7438} = {90DE2F81-D9D4-4B91-B790-A7EB249A7438}
		{C566388B-9259-427D-BD19-97A49D3CDCA0} = {C566388B-9259-427D-BD19-97A49D3CDCA0}
		{2503E69A-8B1D-4532-8D50-876BE7645B22} = {2503E69A-8B1D-4532-8D50-876BE7645B22}
	EndProjectSection
EndProject
Project("{8BC9CEB8-8B4A-11D0-8D11-00A0C91BC942}") = "MyDLP.EndPoint.MiniFilter", "Minifilter\MyDLP.EndPoint.Minifilter.vcproj", "{DD6E8D33-6BF2-438F-884E-FDB92B71D1A4}"
EndProject
Project("{FAE04EC0-301F-11D3-BF4B-00C04F79EFBC}") = "MyDLP.EndPoint.Core", "Core\MyDLP.EndPoint.Core.csproj", "{AFB11AD3-C835-438B-B2F8-B5BB7F798E3D}"
EndProject
Project("{8BC9CEB8-8B4A-11D0-8D11-00A0C91BC942}") = "MyDLP.EndPoint.Platform", "Platform\MyDLP.EndPoint.System.vcproj", "{D0F4FD82-7881-458A-AD47-293BF6FA76D8}"
EndProject
Project("{FAE04EC0-301F-11D3-BF4B-00C04F79EFBC}") = "MyDLP.EndPoint.Test", "Test\MyDLP.EndPoint.Test.csproj", "{8A046CF3-1607-4D98-9334-E08735C2311F}"
EndProject
Project("{8BC9CEB8-8B4A-11D0-8D11-00A0C91BC942}") = "MyDLP.EndPoint.Engine", "Engine\MyDLP.EndPoint.Engine.vcproj", "{1B81B50A-3BBB-4E12-8E94-76CC98E6E5D9}"
EndProject
Project("{FAE04EC0-301F-11D3-BF4B-00C04F79EFBC}") = "MyDLP.EndPoint.Watchdog", "Watchdog\MyDLP.EndPoint.Watchdog.csproj", "{90DE2F81-D9D4-4B91-B790-A7EB249A7438}"
EndProject
Project("{FAE04EC0-301F-11D3-BF4B-00C04F79EFBC}") = "MyDLP.EndPoint.Tools.SvcRestart", "Tools\SvcRestart\MyDLP.EndPoint.Tools.SvcRestart.csproj", "{3E875282-CD05-45F7-B294-8B03F88C53B4}"
EndProject
Project("{FAE04EC0-301F-11D3-BF4B-00C04F79EFBC}") = "MyDLP.EndPoint.Tools.DeviceConsole", "Tools\DeviceConsole\MyDLP.EndPoint.Tools.DeviceConsole.csproj", "{78895653-CA30-40A2-818B-2B420A491946}"
EndProject
Project("{930C7802-8A8C-48F9-8165-68863BCCD9DD}") = "MyDLP.EndPoint.Tools.Setup", "Tools\Setup\MyDLP.EndPoint.Tools.Setup.wixproj", "{A72A6390-D25F-4A0A-AFBB-BA3053BAD0AE}"
	ProjectSection(ProjectDependencies) = postProject
		{1B81B50A-3BBB-4E12-8E94-76CC98E6E5D9} = {1B81B50A-3BBB-4E12-8E94-76CC98E6E5D9}
		{DD6E8D33-6BF2-438F-884E-FDB92B71D1A4} = {DD6E8D33-6BF2-438F-884E-FDB92B71D1A4}
		{90AD317F-4749-4543-A89E-1D8C0F8AAD42} = {90AD317F-4749-4543-A89E-1D8C0F8AAD42}
		{90DE2F81-D9D4-4B91-B790-A7EB249A7438} = {90DE2F81-D9D4-4B91-B790-A7EB249A7438}
		{D0F4FD82-7881-458A-AD47-293BF6FA76D8} = {D0F4FD82-7881-458A-AD47-293BF6FA76D8}
		{C566388B-9259-427D-BD19-97A49D3CDCA0} = {C566388B-9259-427D-BD19-97A49D3CDCA0}
		{F7A0CE8C-DCCA-48ED-A59F-E173740371ED} = {F7A0CE8C-DCCA-48ED-A59F-E173740371ED}
		{2503E69A-8B1D-4532-8D50-876BE7645B22} = {2503E69A-8B1D-4532-8D50-876BE7645B22}
		{AFB11AD3-C835-438B-B2F8-B5BB7F798E3D} = {AFB11AD3-C835-438B-B2F8-B5BB7F798E3D}
	EndProjectSection
EndProject
Project("{FAE04EC0-301F-11D3-BF4B-00C04F79EFBC}") = "MyDLP.EndPoint.Tools.ControlPanel", "Tools\ControlPanel\MyDLP.EndPoint.Tools.ControlPanel.csproj", "{F7A0CE8C-DCCA-48ED-A59F-E173740371ED}"
EndProject
Project("{FAE04EC0-301F-11D3-BF4B-00C04F79EFBC}") = "MyDLP.EndPoint.SessionAgent", "SessionAgent\MyDLP.EndPoint.SessionAgent.csproj", "{2503E69A-8B1D-4532-8D50-876BE7645B22}"
EndProject
Project("{8BC9CEB8-8B4A-11D0-8D11-00A0C91BC942}") = "MyDLP.EndPoint.KbFilter", "KbFilter\KbFilter.vcproj", "{C566388B-9259-427D-BD19-97A49D3CDCA0}"
EndProject
Global
	GlobalSection(SolutionConfigurationPlatforms) = preSolution
		Debug|Any CPU = Debug|Any CPU
		Debug|Mixed Platforms = Debug|Mixed Platforms
		Debug|Win32 = Debug|Win32
		Debug|x86 = Debug|x86
		Release|Any CPU = Release|Any CPU
		Release|Mixed Platforms = Release|Mixed Platforms
		Release|Win32 = Release|Win32
		Release|x86 = Release|x86
	EndGlobalSection
	GlobalSection(ProjectConfigurationPlatforms) = postSolution
		{90AD317F-4749-4543-A89E-1D8C0F8AAD42}.Debug|Any CPU.ActiveCfg = Debug|Any CPU
		{90AD317F-4749-4543-A89E-1D8C0F8AAD42}.Debug|Any CPU.Build.0 = Debug|Any CPU
		{90AD317F-4749-4543-A89E-1D8C0F8AAD42}.Debug|Mixed Platforms.ActiveCfg = Debug|Any CPU
		{90AD317F-4749-4543-A89E-1D8C0F8AAD42}.Debug|Mixed Platforms.Build.0 = Debug|Any CPU
		{90AD317F-4749-4543-A89E-1D8C0F8AAD42}.Debug|Win32.ActiveCfg = Debug|Any CPU
		{90AD317F-4749-4543-A89E-1D8C0F8AAD42}.Debug|x86.ActiveCfg = Debug|Any CPU
		{90AD317F-4749-4543-A89E-1D8C0F8AAD42}.Release|Any CPU.ActiveCfg = Release|Any CPU
		{90AD317F-4749-4543-A89E-1D8C0F8AAD42}.Release|Any CPU.Build.0 = Release|Any CPU
		{90AD317F-4749-4543-A89E-1D8C0F8AAD42}.Release|Mixed Platforms.ActiveCfg = Release|Any CPU
		{90AD317F-4749-4543-A89E-1D8C0F8AAD42}.Release|Mixed Platforms.Build.0 = Release|Any CPU
		{90AD317F-4749-4543-A89E-1D8C0F8AAD42}.Release|Win32.ActiveCfg = Release|Any CPU
		{90AD317F-4749-4543-A89E-1D8C0F8AAD42}.Release|x86.ActiveCfg = Release|Any CPU
		{DD6E8D33-6BF2-438F-884E-FDB92B71D1A4}.Debug|Any CPU.ActiveCfg = Debug|Win32
		{DD6E8D33-6BF2-438F-884E-FDB92B71D1A4}.Debug|Any CPU.Build.0 = Debug|Win32
		{DD6E8D33-6BF2-438F-884E-FDB92B71D1A4}.Debug|Mixed Platforms.ActiveCfg = Debug|Win32
		{DD6E8D33-6BF2-438F-884E-FDB92B71D1A4}.Debug|Win32.ActiveCfg = Debug|Win32
		{DD6E8D33-6BF2-438F-884E-FDB92B71D1A4}.Debug|Win32.Build.0 = Debug|Win32
		{DD6E8D33-6BF2-438F-884E-FDB92B71D1A4}.Debug|x86.ActiveCfg = Debug|Win32
		{DD6E8D33-6BF2-438F-884E-FDB92B71D1A4}.Release|Any CPU.ActiveCfg = Release|Win32
		{DD6E8D33-6BF2-438F-884E-FDB92B71D1A4}.Release|Any CPU.Build.0 = Release|Win32
		{DD6E8D33-6BF2-438F-884E-FDB92B71D1A4}.Release|Mixed Platforms.ActiveCfg = Release|Win32
		{DD6E8D33-6BF2-438F-884E-FDB92B71D1A4}.Release|Win32.ActiveCfg = Release|Win32
		{DD6E8D33-6BF2-438F-884E-FDB92B71D1A4}.Release|Win32.Build.0 = Release|Win32
		{DD6E8D33-6BF2-438F-884E-FDB92B71D1A4}.Release|x86.ActiveCfg = Release|Win32
		{AFB11AD3-C835-438B-B2F8-B5BB7F798E3D}.Debug|Any CPU.ActiveCfg = Debug|Any CPU
		{AFB11AD3-C835-438B-B2F8-B5BB7F798E3D}.Debug|Any CPU.Build.0 = Debug|Any CPU
		{AFB11AD3-C835-438B-B2F8-B5BB7F798E3D}.Debug|Mixed Platforms.ActiveCfg = Debug|Any CPU
		{AFB11AD3-C835-438B-B2F8-B5BB7F798E3D}.Debug|Mixed Platforms.Build.0 = Debug|Any CPU
		{AFB11AD3-C835-438B-B2F8-B5BB7F798E3D}.Debug|Win32.ActiveCfg = Debug|Any CPU
		{AFB11AD3-C835-438B-B2F8-B5BB7F798E3D}.Debug|x86.ActiveCfg = Debug|Any CPU
		{AFB11AD3-C835-438B-B2F8-B5BB7F798E3D}.Release|Any CPU.ActiveCfg = Release|Any CPU
		{AFB11AD3-C835-438B-B2F8-B5BB7F798E3D}.Release|Any CPU.Build.0 = Release|Any CPU
		{AFB11AD3-C835-438B-B2F8-B5BB7F798E3D}.Release|Mixed Platforms.ActiveCfg = Release|Any CPU
		{AFB11AD3-C835-438B-B2F8-B5BB7F798E3D}.Release|Mixed Platforms.Build.0 = Release|Any CPU
		{AFB11AD3-C835-438B-B2F8-B5BB7F798E3D}.Release|Win32.ActiveCfg = Release|Any CPU
		{AFB11AD3-C835-438B-B2F8-B5BB7F798E3D}.Release|x86.ActiveCfg = Release|Any CPU
		{D0F4FD82-7881-458A-AD47-293BF6FA76D8}.Debug|Any CPU.ActiveCfg = Debug|Win32
		{D0F4FD82-7881-458A-AD47-293BF6FA76D8}.Debug|Any CPU.Build.0 = Debug|Win32
		{D0F4FD82-7881-458A-AD47-293BF6FA76D8}.Debug|Mixed Platforms.ActiveCfg = Debug|Win32
		{D0F4FD82-7881-458A-AD47-293BF6FA76D8}.Debug|Mixed Platforms.Build.0 = Debug|Win32
		{D0F4FD82-7881-458A-AD47-293BF6FA76D8}.Debug|Win32.ActiveCfg = Debug|Win32
		{D0F4FD82-7881-458A-AD47-293BF6FA76D8}.Debug|Win32.Build.0 = Debug|Win32
		{D0F4FD82-7881-458A-AD47-293BF6FA76D8}.Debug|x86.ActiveCfg = Debug|Win32
		{D0F4FD82-7881-458A-AD47-293BF6FA76D8}.Release|Any CPU.ActiveCfg = Release|Win32
		{D0F4FD82-7881-458A-AD47-293BF6FA76D8}.Release|Any CPU.Build.0 = Release|Win32
		{D0F4FD82-7881-458A-AD47-293BF6FA76D8}.Release|Mixed Platforms.ActiveCfg = Release|Win32
		{D0F4FD82-7881-458A-AD47-293BF6FA76D8}.Release|Mixed Platforms.Build.0 = Release|Win32
		{D0F4FD82-7881-458A-AD47-293BF6FA76D8}.Release|Win32.ActiveCfg = Release|Win32
		{D0F4FD82-7881-458A-AD47-293BF6FA76D8}.Release|Win32.Build.0 = Release|Win32
		{D0F4FD82-7881-458A-AD47-293BF6FA76D8}.Release|x86.ActiveCfg = Release|Win32
		{8A046CF3-1607-4D98-9334-E08735C2311F}.Debug|Any CPU.ActiveCfg = Debug|Any CPU
		{8A046CF3-1607-4D98-9334-E08735C2311F}.Debug|Any CPU.Build.0 = Debug|Any CPU
		{8A046CF3-1607-4D98-9334-E08735C2311F}.Debug|Mixed Platforms.ActiveCfg = Debug|Any CPU
		{8A046CF3-1607-4D98-9334-E08735C2311F}.Debug|Mixed Platforms.Build.0 = Debug|Any CPU
		{8A046CF3-1607-4D98-9334-E08735C2311F}.Debug|Win32.ActiveCfg = Debug|Any CPU
		{8A046CF3-1607-4D98-9334-E08735C2311F}.Debug|x86.ActiveCfg = Debug|Any CPU
		{8A046CF3-1607-4D98-9334-E08735C2311F}.Release|Any CPU.ActiveCfg = Release|Any CPU
		{8A046CF3-1607-4D98-9334-E08735C2311F}.Release|Any CPU.Build.0 = Release|Any CPU
		{8A046CF3-1607-4D98-9334-E08735C2311F}.Release|Mixed Platforms.ActiveCfg = Release|Any CPU
		{8A046CF3-1607-4D98-9334-E08735C2311F}.Release|Mixed Platforms.Build.0 = Release|Any CPU
		{8A046CF3-1607-4D98-9334-E08735C2311F}.Release|Win32.ActiveCfg = Release|Any CPU
		{8A046CF3-1607-4D98-9334-E08735C2311F}.Release|x86.ActiveCfg = Release|Any CPU
		{1B81B50A-3BBB-4E12-8E94-76CC98E6E5D9}.Debug|Any CPU.ActiveCfg = Debug|Win32
		{1B81B50A-3BBB-4E12-8E94-76CC98E6E5D9}.Debug|Any CPU.Build.0 = Debug|Win32
		{1B81B50A-3BBB-4E12-8E94-76CC98E6E5D9}.Debug|Mixed Platforms.ActiveCfg = Debug|Win32
		{1B81B50A-3BBB-4E12-8E94-76CC98E6E5D9}.Debug|Win32.ActiveCfg = Debug|Win32
		{1B81B50A-3BBB-4E12-8E94-76CC98E6E5D9}.Debug|Win32.Build.0 = Debug|Win32
		{1B81B50A-3BBB-4E12-8E94-76CC98E6E5D9}.Debug|x86.ActiveCfg = Debug|Win32
		{1B81B50A-3BBB-4E12-8E94-76CC98E6E5D9}.Release|Any CPU.ActiveCfg = Release|Win32
		{1B81B50A-3BBB-4E12-8E94-76CC98E6E5D9}.Release|Any CPU.Build.0 = Release|Win32
		{1B81B50A-3BBB-4E12-8E94-76CC98E6E5D9}.Release|Mixed Platforms.ActiveCfg = Release|Win32
		{1B81B50A-3BBB-4E12-8E94-76CC98E6E5D9}.Release|Win32.ActiveCfg = Release|Win32
		{1B81B50A-3BBB-4E12-8E94-76CC98E6E5D9}.Release|Win32.Build.0 = Release|Win32
		{1B81B50A-3BBB-4E12-8E94-76CC98E6E5D9}.Release|x86.ActiveCfg = Release|Win32
		{90DE2F81-D9D4-4B91-B790-A7EB249A7438}.Debug|Any CPU.ActiveCfg = Debug|Any CPU
		{90DE2F81-D9D4-4B91-B790-A7EB249A7438}.Debug|Any CPU.Build.0 = Debug|Any CPU
		{90DE2F81-D9D4-4B91-B790-A7EB249A7438}.Debug|Mixed Platforms.ActiveCfg = Debug|Any CPU
		{90DE2F81-D9D4-4B91-B790-A7EB249A7438}.Debug|Mixed Platforms.Build.0 = Debug|Any CPU
		{90DE2F81-D9D4-4B91-B790-A7EB249A7438}.Debug|Win32.ActiveCfg = Debug|Any CPU
		{90DE2F81-D9D4-4B91-B790-A7EB249A7438}.Debug|x86.ActiveCfg = Debug|Any CPU
		{90DE2F81-D9D4-4B91-B790-A7EB249A7438}.Release|Any CPU.ActiveCfg = Release|Any CPU
		{90DE2F81-D9D4-4B91-B790-A7EB249A7438}.Release|Any CPU.Build.0 = Release|Any CPU
		{90DE2F81-D9D4-4B91-B790-A7EB249A7438}.Release|Mixed Platforms.ActiveCfg = Release|Any CPU
		{90DE2F81-D9D4-4B91-B790-A7EB249A7438}.Release|Mixed Platforms.Build.0 = Release|Any CPU
		{90DE2F81-D9D4-4B91-B790-A7EB249A7438}.Release|Win32.ActiveCfg = Release|Any CPU
		{90DE2F81-D9D4-4B91-B790-A7EB249A7438}.Release|x86.ActiveCfg = Release|Any CPU
		{3E875282-CD05-45F7-B294-8B03F88C53B4}.Debug|Any CPU.ActiveCfg = Debug|Any CPU
		{3E875282-CD05-45F7-B294-8B03F88C53B4}.Debug|Any CPU.Build.0 = Debug|Any CPU
		{3E875282-CD05-45F7-B294-8B03F88C53B4}.Debug|Mixed Platforms.ActiveCfg = Debug|Any CPU
		{3E875282-CD05-45F7-B294-8B03F88C53B4}.Debug|Mixed Platforms.Build.0 = Debug|Any CPU
		{3E875282-CD05-45F7-B294-8B03F88C53B4}.Debug|Win32.ActiveCfg = Debug|Any CPU
		{3E875282-CD05-45F7-B294-8B03F88C53B4}.Debug|x86.ActiveCfg = Debug|Any CPU
		{3E875282-CD05-45F7-B294-8B03F88C53B4}.Release|Any CPU.ActiveCfg = Release|Any CPU
		{3E875282-CD05-45F7-B294-8B03F88C53B4}.Release|Any CPU.Build.0 = Release|Any CPU
		{3E875282-CD05-45F7-B294-8B03F88C53B4}.Release|Mixed Platforms.ActiveCfg = Release|Any CPU
		{3E875282-CD05-45F7-B294-8B03F88C53B4}.Release|Mixed Platforms.Build.0 = Release|Any CPU
		{3E875282-CD05-45F7-B294-8B03F88C53B4}.Release|Win32.ActiveCfg = Release|Any CPU
		{3E875282-CD05-45F7-B294-8B03F88C53B4}.Release|x86.ActiveCfg = Release|Any CPU
		{78895653-CA30-40A2-818B-2B420A491946}.Debug|Any CPU.ActiveCfg = Debug|Any CPU
		{78895653-CA30-40A2-818B-2B420A491946}.Debug|Any CPU.Build.0 = Debug|Any CPU
		{78895653-CA30-40A2-818B-2B420A491946}.Debug|Mixed Platforms.ActiveCfg = Debug|Any CPU
		{78895653-CA30-40A2-818B-2B420A491946}.Debug|Mixed Platforms.Build.0 = Debug|Any CPU
		{78895653-CA30-40A2-818B-2B420A491946}.Debug|Win32.ActiveCfg = Debug|Any CPU
		{78895653-CA30-40A2-818B-2B420A491946}.Debug|x86.ActiveCfg = Debug|Any CPU
		{78895653-CA30-40A2-818B-2B420A491946}.Release|Any CPU.ActiveCfg = Release|Any CPU
		{78895653-CA30-40A2-818B-2B420A491946}.Release|Any CPU.Build.0 = Release|Any CPU
		{78895653-CA30-40A2-818B-2B420A491946}.Release|Mixed Platforms.ActiveCfg = Release|Any CPU
		{78895653-CA30-40A2-818B-2B420A491946}.Release|Mixed Platforms.Build.0 = Release|Any CPU
		{78895653-CA30-40A2-818B-2B420A491946}.Release|Win32.ActiveCfg = Release|Any CPU
		{78895653-CA30-40A2-818B-2B420A491946}.Release|x86.ActiveCfg = Release|Any CPU
		{A72A6390-D25F-4A0A-AFBB-BA3053BAD0AE}.Debug|Any CPU.ActiveCfg = Debug|x86
		{A72A6390-D25F-4A0A-AFBB-BA3053BAD0AE}.Debug|Any CPU.Build.0 = Debug|x86
		{A72A6390-D25F-4A0A-AFBB-BA3053BAD0AE}.Debug|Mixed Platforms.ActiveCfg = Debug|x86
		{A72A6390-D25F-4A0A-AFBB-BA3053BAD0AE}.Debug|Mixed Platforms.Build.0 = Debug|x86
		{A72A6390-D25F-4A0A-AFBB-BA3053BAD0AE}.Debug|Win32.ActiveCfg = Debug|x86
		{A72A6390-D25F-4A0A-AFBB-BA3053BAD0AE}.Debug|x86.ActiveCfg = Debug|x86
		{A72A6390-D25F-4A0A-AFBB-BA3053BAD0AE}.Debug|x86.Build.0 = Debug|x86
		{A72A6390-D25F-4A0A-AFBB-BA3053BAD0AE}.Release|Any CPU.ActiveCfg = Release|x86
		{A72A6390-D25F-4A0A-AFBB-BA3053BAD0AE}.Release|Any CPU.Build.0 = Release|x86
		{A72A6390-D25F-4A0A-AFBB-BA3053BAD0AE}.Release|Mixed Platforms.ActiveCfg = Release|x86
		{A72A6390-D25F-4A0A-AFBB-BA3053BAD0AE}.Release|Mixed Platforms.Build.0 = Release|x86
		{A72A6390-D25F-4A0A-AFBB-BA3053BAD0AE}.Release|Win32.ActiveCfg = Release|x86
		{A72A6390-D25F-4A0A-AFBB-BA3053BAD0AE}.Release|x86.ActiveCfg = Release|x86
		{A72A6390-D25F-4A0A-AFBB-BA3053BAD0AE}.Release|x86.Build.0 = Release|x86
		{F7A0CE8C-DCCA-48ED-A59F-E173740371ED}.Debug|Any CPU.ActiveCfg = Debug|Any CPU
		{F7A0CE8C-DCCA-48ED-A59F-E173740371ED}.Debug|Any CPU.Build.0 = Debug|Any CPU
		{F7A0CE8C-DCCA-48ED-A59F-E173740371ED}.Debug|Mixed Platforms.ActiveCfg = Debug|Any CPU
		{F7A0CE8C-DCCA-48ED-A59F-E173740371ED}.Debug|Mixed Platforms.Build.0 = Debug|Any CPU
		{F7A0CE8C-DCCA-48ED-A59F-E173740371ED}.Debug|Win32.ActiveCfg = Debug|Any CPU
		{F7A0CE8C-DCCA-48ED-A59F-E173740371ED}.Debug|x86.ActiveCfg = Debug|Any CPU
		{F7A0CE8C-DCCA-48ED-A59F-E173740371ED}.Release|Any CPU.ActiveCfg = Release|Any CPU
		{F7A0CE8C-DCCA-48ED-A59F-E173740371ED}.Release|Any CPU.Build.0 = Release|Any CPU
		{F7A0CE8C-DCCA-48ED-A59F-E173740371ED}.Release|Mixed Platforms.ActiveCfg = Release|Any CPU
		{F7A0CE8C-DCCA-48ED-A59F-E173740371ED}.Release|Mixed Platforms.Build.0 = Release|Any CPU
		{F7A0CE8C-DCCA-48ED-A59F-E173740371ED}.Release|Win32.ActiveCfg = Release|Any CPU
		{F7A0CE8C-DCCA-48ED-A59F-E173740371ED}.Release|x86.ActiveCfg = Release|Any CPU
		{2503E69A-8B1D-4532-8D50-876BE7645B22}.Debug|Any CPU.ActiveCfg = Debug|Any CPU
		{2503E69A-8B1D-4532-8D50-876BE7645B22}.Debug|Any CPU.Build.0 = Debug|Any CPU
		{2503E69A-8B1D-4532-8D50-876BE7645B22}.Debug|Mixed Platforms.ActiveCfg = Debug|Any CPU
		{2503E69A-8B1D-4532-8D50-876BE7645B22}.Debug|Mixed Platforms.Build.0 = Debug|Any CPU
		{2503E69A-8B1D-4532-8D50-876BE7645B22}.Debug|Win32.ActiveCfg = Debug|Any CPU
		{2503E69A-8B1D-4532-8D50-876BE7645B22}.Debug|x86.ActiveCfg = Debug|Any CPU
		{2503E69A-8B1D-4532-8D50-876BE7645B22}.Release|Any CPU.ActiveCfg = Release|Any CPU
		{2503E69A-8B1D-4532-8D50-876BE7645B22}.Release|Any CPU.Build.0 = Release|Any CPU
		{2503E69A-8B1D-4532-8D50-876BE7645B22}.Release|Mixed Platforms.ActiveCfg = Release|Any CPU
		{2503E69A-8B1D-4532-8D50-876BE7645B22}.Release|Mixed Platforms.Build.0 = Release|Any CPU
		{2503E69A-8B1D-4532-8D50-876BE7645B22}.Release|Win32.ActiveCfg = Release|Any CPU
		{2503E69A-8B1D-4532-8D50-876BE7645B22}.Release|x86.ActiveCfg = Release|Any CPU
		{C566388B-9259-427D-BD19-97A49D3CDCA0}.Debug|Any CPU.ActiveCfg = Debug|Win32
		{C566388B-9259-427D-BD19-97A49D3CDCA0}.Debug|Any CPU.Build.0 = Debug|Win32
		{C566388B-9259-427D-BD19-97A49D3CDCA0}.Debug|Mixed Platforms.ActiveCfg = Debug|Win32
		{C566388B-9259-427D-BD19-97A49D3CDCA0}.Debug|Mixed Platforms.Build.0 = Debug|Win32
		{C566388B-9259-427D-BD19-97A49D3CDCA0}.Debug|Win32.ActiveCfg = Debug|Win32
		{C566388B-9259-427D-BD19-97A49D3CDCA0}.Debug|Win32.Build.0 = Debug|Win32
		{C566388B-9259-427D-BD19-97A49D3CDCA0}.Debug|x86.ActiveCfg = Debug|Win32
		{C566388B-9259-427D-BD19-97A49D3CDCA0}.Release|Any CPU.ActiveCfg = Release|Win32
		{C566388B-9259-427D-BD19-97A49D3CDCA0}.Release|Any CPU.Build.0 = Release|Win32
		{C566388B-9259-427D-BD19-97A49D3CDCA0}.Release|Mixed Platforms.ActiveCfg = Release|Win32
		{C566388B-9259-427D-BD19-97A49D3CDCA0}.Release|Mixed Platforms.Build.0 = Release|Win32
		{C566388B-9259-427D-BD19-97A49D3CDCA0}.Release|Win32.ActiveCfg = Release|Win32
		{C566388B-9259-427D-BD19-97A49D3CDCA0}.Release|Win32.Build.0 = Release|Win32
		{C566388B-9259-427D-BD19-97A49D3CDCA0}.Release|x86.ActiveCfg = Release|Win32
	EndGlobalSection
	GlobalSection(SolutionProperties) = preSolution
		HideSolutionNode = FALSE
	EndGlobalSection
EndGlobal
